
Microsoft Visual Studio Solution File, Format Version 12.00
# Visual Studio Version 17
VisualStudioVersion = 17.5.33627.172
MinimumVisualStudioVersion = 10.0.40219.1
Project("{FAE04EC0-301F-11D3-BF4B-00C04F79EFBC}") = "ejercicio68", "ejercicio68\ejercicio68.csproj", "{D6F607E9-A4CC-4C46-9CEE-563AE611B34E}"
EndProject
Project("{FAE04EC0-301F-11D3-BF4B-00C04F79EFBC}") = "WinFormsEjecicio68", "WinFormsEjecicio68\WinFormsEjecicio68.csproj", "{4286ED01-5058-4115-AA7B-626293B82FC7}"
EndProject
Global
	GlobalSection(SolutionConfigurationPlatforms) = preSolution
		Debug|Any CPU = Debug|Any CPU
		Release|Any CPU = Release|Any CPU
	EndGlobalSection
	GlobalSection(ProjectConfigurationPlatforms) = postSolution
		{D6F607E9-A4CC-4C46-9CEE-563AE611B34E}.Debug|Any CPU.ActiveCfg = Debug|Any CPU
		{D6F607E9-A4CC-4C46-9CEE-563AE611B34E}.Debug|Any CPU.Build.0 = Debug|Any CPU
		{D6F607E9-A4CC-4C46-9CEE-563AE611B34E}.Release|Any CPU.ActiveCfg = Release|Any CPU
		{D6F607E9-A4CC-4C46-9CEE-563AE611B34E}.Release|Any CPU.Build.0 = Release|Any CPU
		{4286ED01-5058-4115-AA7B-626293B82FC7}.Debug|Any CPU.ActiveCfg = Debug|Any CPU
		{4286ED01-5058-4115-AA7B-626293B82FC7}.Debug|Any CPU.Build.0 = Debug|Any CPU
		{4286ED01-5058-4115-AA7B-626293B82FC7}.Release|Any CPU.ActiveCfg = Release|Any CPU
		{4286ED01-5058-4115-AA7B-626293B82FC7}.Release|Any CPU.Build.0 = Release|Any CPU
	EndGlobalSection
	GlobalSection(SolutionProperties) = preSolution
		HideSolutionNode = FALSE
	EndGlobalSection
	GlobalSection(ExtensibilityGlobals) = postSolution
		SolutionGuid = {F08B4A89-B3A1-46C9-B6B1-F1E9144D2F49}
	EndGlobalSection
EndGlobal
